
Microsoft Visual Studio Solution File, Format Version 12.00
# Visual Studio Version 16
VisualStudioVersion = 16.0.29009.5
MinimumVisualStudioVersion = 10.0.40219.1
Project("{FAE04EC0-301F-11D3-BF4B-00C04F79EFBC}") = "ClickTest", "ClickTest\ClickTest.csproj", "{D1FDE3C6-5E23-49A7-8B50-D6E943888176}"
EndProject
Global
	GlobalSection(SolutionConfigurationPlatforms) = preSolution
		Debug|Any CPU = Debug|Any CPU
		Release|Any CPU = Release|Any CPU
	EndGlobalSection
	GlobalSection(ProjectConfigurationPlatforms) = postSolution
		{D1FDE3C6-5E23-49A7-8B50-D6E943888176}.Debug|Any CPU.ActiveCfg = Debug|Any CPU
		{D1FDE3C6-5E23-49A7-8B50-D6E943888176}.Debug|Any CPU.Build.0 = Debug|Any CPU
		{D1FDE3C6-5E23-49A7-8B50-D6E943888176}.Release|Any CPU.ActiveCfg = Release|Any CPU
		{D1FDE3C6-5E23-49A7-8B50-D6E943888176}.Release|Any CPU.Build.0 = Release|Any CPU
	EndGlobalSection
	GlobalSection(SolutionProperties) = preSolution
		HideSolutionNode = FALSE
	EndGlobalSection
	GlobalSection(ExtensibilityGlobals) = postSolution
		SolutionGuid = {694D8B86-B483-45E5-810E-415821C91A7F}
	EndGlobalSection
EndGlobal
